Microsoft Visual Studio Solution File, Format Version 12.00
# Visual Studio Version 17
VisualStudioVersion = 17.5.2.0
MinimumVisualStudioVersion = 10.0.40219.1
Project("{FAE04EC0-301F-11D3-BF4B-00C04F79EFBC}") = "CRM Tele2 ASP", "CRM Tele2 ASP.csproj", "{65805BBC-06AE-E528-EA15-185DA450479D}"
EndProject
Global
	GlobalSection(SolutionConfigurationPlatforms) = preSolution
		Debug|Any CPU = Debug|Any CPU
		Release|Any CPU = Release|Any CPU
	EndGlobalSection
	GlobalSection(ProjectConfigurationPlatforms) = postSolution
		{65805BBC-06AE-E528-EA15-185DA450479D}.Debug|Any CPU.ActiveCfg = Debug|Any CPU
		{65805BBC-06AE-E528-EA15-185DA450479D}.Debug|Any CPU.Build.0 = Debug|Any CPU
		{65805BBC-06AE-E528-EA15-185DA450479D}.Release|Any CPU.ActiveCfg = Release|Any CPU
		{65805BBC-06AE-E528-EA15-185DA450479D}.Release|Any CPU.Build.0 = Release|Any CPU
	EndGlobalSection
	GlobalSection(SolutionProperties) = preSolution
		HideSolutionNode = FALSE
	EndGlobalSection
	GlobalSection(ExtensibilityGlobals) = postSolution
		SolutionGuid = {7C822B4B-06EA-4972-A479-7E67FF39C65F}
	EndGlobalSection
EndGlobal
